
Microsoft Visual Studio Solution File, Format Version 12.00
# Visual Studio Version 17
VisualStudioVersion = 17.1.31911.260
MinimumVisualStudioVersion = 10.0.40219.1
Project("{FAE04EC0-301F-11D3-BF4B-00C04F79EFBC}") = "Server", "Server\Server.csproj", "{DB388EAB-0112-4B9A-88F6-4FAE1ABA9E0A}"
EndProject
Project("{FAE04EC0-301F-11D3-BF4B-00C04F79EFBC}") = "Contracts", "Contracts\Contracts.csproj", "{1EDC23F5-4219-4EF9-BE89-706CE66A9888}"
EndProject
Global
	GlobalSection(SolutionConfigurationPlatforms) = preSolution
		Debug|Any CPU = Debug|Any CPU
		Release|Any CPU = Release|Any CPU
	EndGlobalSection
	GlobalSection(ProjectConfigurationPlatforms) = postSolution
		{DB388EAB-0112-4B9A-88F6-4FAE1ABA9E0A}.Debug|Any CPU.ActiveCfg = Debug|Any CPU
		{DB388EAB-0112-4B9A-88F6-4FAE1ABA9E0A}.Debug|Any CPU.Build.0 = Debug|Any CPU
		{DB388EAB-0112-4B9A-88F6-4FAE1ABA9E0A}.Release|Any CPU.ActiveCfg = Release|Any CPU
		{DB388EAB-0112-4B9A-88F6-4FAE1ABA9E0A}.Release|Any CPU.Build.0 = Release|Any CPU
		{1EDC23F5-4219-4EF9-BE89-706CE66A9888}.Debug|Any CPU.ActiveCfg = Debug|Any CPU
		{1EDC23F5-4219-4EF9-BE89-706CE66A9888}.Debug|Any CPU.Build.0 = Debug|Any CPU
		{1EDC23F5-4219-4EF9-BE89-706CE66A9888}.Release|Any CPU.ActiveCfg = Release|Any CPU
		{1EDC23F5-4219-4EF9-BE89-706CE66A9888}.Release|Any CPU.Build.0 = Release|Any CPU
	EndGlobalSection
	GlobalSection(SolutionProperties) = preSolution
		HideSolutionNode = FALSE
	EndGlobalSection
	GlobalSection(ExtensibilityGlobals) = postSolution
		SolutionGuid = {4DEF8FB1-79F3-4C28-A6A7-193B1865A2B8}
	EndGlobalSection
EndGlobal
